// !$*UTF8*$!
{
	archiveVersion = 1;
	classes = {
	};
	objectVersion = 46;
	objects = {

/* Begin PBXBuildFile section */
		F229EA16195C7982003F34BC /* libfe.dylib in Frameworks */ = {isa = PBXBuildFile; fileRef = F229EA13195C7982003F34BC /* libfe.dylib */; };
		F229EA17195C7982003F34BC /* libmath.dylib in Frameworks */ = {isa = PBXBuildFile; fileRef = F229EA14195C7982003F34BC /* libmath.dylib */; };
		F229EA18195C7982003F34BC /* libstoast.dylib in Frameworks */ = {isa = PBXBuildFile; fileRef = F229EA15195C7982003F34BC /* libstoast.dylib */; };
		F2CAA169195C253D0002757F /* dgfwdsolver.cc in Sources */ = {isa = PBXBuildFile; fileRef = F2CAA166195C253D0002757F /* dgfwdsolver.cc */; };
		F2CAA16A195C253D0002757F /* dgSource.cc in Sources */ = {isa = PBXBuildFile; fileRef = F2CAA167195C253D0002757F /* dgSource.cc */; };
		F2CAA16B195C253D0002757F /* nonconformingMesh.cc in Sources */ = {isa = PBXBuildFile; fileRef = F2CAA168195C253D0002757F /* nonconformingMesh.cc */; };
		F2ED64FF195CB12A006CD663 /* libdgfe.dylib in CopyFiles */ = {isa = PBXBuildFile; fileRef = F2CAA15F195C24F00002757F /* libdgfe.dylib */; };
/* End PBXBuildFile section */

/* Begin PBXCopyFilesBuildPhase section */
		F2ED64FE195CB120006CD663 /* CopyFiles */ = {
			isa = PBXCopyFilesBuildPhase;
			buildActionMask = 2147483647;
			dstPath = "$(SRCROOT)/../../darwin64/lib";
			dstSubfolderSpec = 0;
			files = (
				F2ED64FF195CB12A006CD663 /* libdgfe.dylib in CopyFiles */,
			);
			runOnlyForDeploymentPostprocessing = 0;
		};
/* End PBXCopyFilesBuildPhase section */

/* Begin PBXFileReference section */
		F229EA13195C7982003F34BC /* libfe.dylib */ = {isa = PBXFileReference; lastKnownFileType = "compiled.mach-o.dylib"; name = libfe.dylib; path = "../../../../Library/Developer/Xcode/DerivedData/toastpp-bqsgnuzpifdbbzeoqrrkklsqbbyp/Build/Products/Debug/libfe.dylib"; sourceTree = "<group>"; };
		F229EA14195C7982003F34BC /* libmath.dylib */ = {isa = PBXFileReference; lastKnownFileType = "compiled.mach-o.dylib"; name = libmath.dylib; path = "../../../../Library/Developer/Xcode/DerivedData/toastpp-bqsgnuzpifdbbzeoqrrkklsqbbyp/Build/Products/Debug/libmath.dylib"; sourceTree = "<group>"; };
		F229EA15195C7982003F34BC /* libstoast.dylib */ = {isa = PBXFileReference; lastKnownFileType = "compiled.mach-o.dylib"; name = libstoast.dylib; path = "../../../../Library/Developer/Xcode/DerivedData/toastpp-bqsgnuzpifdbbzeoqrrkklsqbbyp/Build/Products/Debug/libstoast.dylib"; sourceTree = "<group>"; };
		F2CAA15F195C24F00002757F /* libdgfe.dylib */ = {isa = PBXFileReference; explicitFileType = "compiled.mach-o.dylib"; includeInIndex = 0; path = libdgfe.dylib; sourceTree = BUILT_PRODUCTS_DIR; };
		F2CAA166195C253D0002757F /* dgfwdsolver.cc */ = {isa = PBXFileReference; fileEncoding = 4; lastKnownFileType = sourcecode.cpp.cpp; name = dgfwdsolver.cc; path = ../../src/libdgfe/dgfwdsolver.cc; sourceTree = "<group>"; };
		F2CAA167195C253D0002757F /* dgSource.cc */ = {isa = PBXFileReference; fileEncoding = 4; lastKnownFileType = sourcecode.cpp.cpp; name = dgSource.cc; path = ../../src/libdgfe/dgSource.cc; sourceTree = "<group>"; };
		F2CAA168195C253D0002757F /* nonconformingMesh.cc */ = {isa = PBXFileReference; fileEncoding = 4; lastKnownFileType = sourcecode.cpp.cpp; name = nonconformingMesh.cc; path = ../../src/libdgfe/nonconformingMesh.cc; sourceTree = "<group>"; };
/* End PBXFileReference section */

/* Begin PBXFrameworksBuildPhase section */
		F2CAA15C195C24F00002757F /* Frameworks */ = {
			isa = PBXFrameworksBuildPhase;
			buildActionMask = 2147483647;
			files = (
				F229EA16195C7982003F34BC /* libfe.dylib in Frameworks */,
				F229EA17195C7982003F34BC /* libmath.dylib in Frameworks */,
				F229EA18195C7982003F34BC /* libstoast.dylib in Frameworks */,
			);
			runOnlyForDeploymentPostprocessing = 0;
		};
/* End PBXFrameworksBuildPhase section */

/* Begin PBXGroup section */
		F2CAA156195C24F00002757F = {
			isa = PBXGroup;
			children = (
				F229EA13195C7982003F34BC /* libfe.dylib */,
				F229EA14195C7982003F34BC /* libmath.dylib */,
				F229EA15195C7982003F34BC /* libstoast.dylib */,
				F2CAA160195C24F00002757F /* Products */,
				F2CAA166195C253D0002757F /* dgfwdsolver.cc */,
				F2CAA167195C253D0002757F /* dgSource.cc */,
				F2CAA168195C253D0002757F /* nonconformingMesh.cc */,
			);
			sourceTree = "<group>";
		};
		F2CAA160195C24F00002757F /* Products */ = {
			isa = PBXGroup;
			children = (
				F2CAA15F195C24F00002757F /* libdgfe.dylib */,
			);
			name = Products;
			sourceTree = "<group>";
		};
/* End PBXGroup section */

/* Begin PBXHeadersBuildPhase section */
		F2CAA15D195C24F00002757F /* Headers */ = {
			isa = PBXHeadersBuildPhase;
			buildActionMask = 2147483647;
			files = (
			);
			runOnlyForDeploymentPostprocessing = 0;
		};
/* End PBXHeadersBuildPhase section */

/* Begin PBXNativeTarget section */
		F2CAA15E195C24F00002757F /* libdgfe */ = {
			isa = PBXNativeTarget;
			buildConfigurationList = F2CAA163195C24F00002757F /* Build configuration list for PBXNativeTarget "libdgfe" */;
			buildPhases = (
				F2CAA15B195C24F00002757F /* Sources */,
				F2CAA15C195C24F00002757F /* Frameworks */,
				F2CAA15D195C24F00002757F /* Headers */,
				F2ED64FE195CB120006CD663 /* CopyFiles */,
			);
			buildRules = (
			);
			dependencies = (
			);
			name = libdgfe;
			productName = libdgfe;
			productReference = F2CAA15F195C24F00002757F /* libdgfe.dylib */;
			productType = "com.apple.product-type.library.dynamic";
		};
/* End PBXNativeTarget section */

/* Begin PBXProject section */
		F2CAA157195C24F00002757F /* Project object */ = {
			isa = PBXProject;
			attributes = {
				LastUpgradeCheck = 0510;
				ORGANIZATIONNAME = UCL;
			};
			buildConfigurationList = F2CAA15A195C24F00002757F /* Build configuration list for PBXProject "libdgfe" */;
			compatibilityVersion = "Xcode 3.2";
			developmentRegion = English;
			hasScannedForEncodings = 0;
			knownRegions = (
				en,
			);
			mainGroup = F2CAA156195C24F00002757F;
			productRefGroup = F2CAA160195C24F00002757F /* Products */;
			projectDirPath = "";
			projectRoot = "";
			targets = (
				F2CAA15E195C24F00002757F /* libdgfe */,
			);
		};
/* End PBXProject section */

/* Begin PBXSourcesBuildPhase section */
		F2CAA15B195C24F00002757F /* Sources */ = {
			isa = PBXSourcesBuildPhase;
			buildActionMask = 2147483647;
			files = (
				F2CAA169195C253D0002757F /* dgfwdsolver.cc in Sources */,
				F2CAA16A195C253D0002757F /* dgSource.cc in Sources */,
				F2CAA16B195C253D0002757F /* nonconformingMesh.cc in Sources */,
			);
			runOnlyForDeploymentPostprocessing = 0;
		};
/* End PBXSourcesBuildPhase section */

/* Begin XCBuildConfiguration section */
		F2CAA161195C24F00002757F /* Debug */ = {
			isa = XCBuildConfiguration;
			buildSettings = {
				ALWAYS_SEARCH_USER_PATHS = NO;
				CLANG_CXX_LANGUAGE_STANDARD = "gnu++0x";
				CLANG_CXX_LIBRARY = "libc++";
				CLANG_ENABLE_MODULES = YES;
				CLANG_ENABLE_OBJC_ARC = YES;
				CLANG_WARN_BOOL_CONVERSION = YES;
				CLANG_WARN_CONSTANT_CONVERSION = YES;
				CLANG_WARN_DIRECT_OBJC_ISA_USAGE = YES_ERROR;
				CLANG_WARN_EMPTY_BODY = YES;
				CLANG_WARN_ENUM_CONVERSION = YES;
				CLANG_WARN_INT_CONVERSION = YES;
				CLANG_WARN_OBJC_ROOT_CLASS = YES_ERROR;
				CLANG_WARN__DUPLICATE_METHOD_MATCH = YES;
				COPY_PHASE_STRIP = NO;
				GCC_C_LANGUAGE_STANDARD = gnu99;
				GCC_DYNAMIC_NO_PIC = NO;
				GCC_ENABLE_OBJC_EXCEPTIONS = YES;
				GCC_OPTIMIZATION_LEVEL = 0;
				GCC_PREPROCESSOR_DEFINITIONS = (
					"DEBUG=1",
					"$(inherited)",
				);
				GCC_SYMBOLS_PRIVATE_EXTERN = NO;
				GCC_WARN_64_TO_32_BIT_CONVERSION = YES;
				GCC_WARN_ABOUT_RETURN_TYPE = YES_ERROR;
				GCC_WARN_UNDECLARED_SELECTOR = YES;
				GCC_WARN_UNINITIALIZED_AUTOS = YES_AGGRESSIVE;
				GCC_WARN_UNUSED_FUNCTION = YES;
				GCC_WARN_UNUSED_VARIABLE = YES;
				MACOSX_DEPLOYMENT_TARGET = 10.8;
				ONLY_ACTIVE_ARCH = YES;
				SDKROOT = macosx;
			};
			name = Debug;
		};
		F2CAA162195C24F00002757F /* Release */ = {
			isa = XCBuildConfiguration;
			buildSettings = {
				ALWAYS_SEARCH_USER_PATHS = NO;
				CLANG_CXX_LANGUAGE_STANDARD = "gnu++0x";
				CLANG_CXX_LIBRARY = "libc++";
				CLANG_ENABLE_MODULES = YES;
				CLANG_ENABLE_OBJC_ARC = YES;
				CLANG_WARN_BOOL_CONVERSION = YES;
				CLANG_WARN_CONSTANT_CONVERSION = YES;
				CLANG_WARN_DIRECT_OBJC_ISA_USAGE = YES_ERROR;
				CLANG_WARN_EMPTY_BODY = YES;
				CLANG_WARN_ENUM_CONVERSION = YES;
				CLANG_WARN_INT_CONVERSION = YES;
				CLANG_WARN_OBJC_ROOT_CLASS = YES_ERROR;
				CLANG_WARN__DUPLICATE_METHOD_MATCH = YES;
				COPY_PHASE_STRIP = YES;
				DEBUG_INFORMATION_FORMAT = "dwarf-with-dsym";
				ENABLE_NS_ASSERTIONS = NO;
				GCC_C_LANGUAGE_STANDARD = gnu99;
				GCC_ENABLE_OBJC_EXCEPTIONS = YES;
				GCC_WARN_64_TO_32_BIT_CONVERSION = YES;
				GCC_WARN_ABOUT_RETURN_TYPE = YES_ERROR;
				GCC_WARN_UNDECLARED_SELECTOR = YES;
				GCC_WARN_UNINITIALIZED_AUTOS = YES_AGGRESSIVE;
				GCC_WARN_UNUSED_FUNCTION = YES;
				GCC_WARN_UNUSED_VARIABLE = YES;
				MACOSX_DEPLOYMENT_TARGET = 10.8;
				SDKROOT = macosx;
			};
			name = Release;
		};
		F2CAA164195C24F00002757F /* Debug */ = {
			isa = XCBuildConfiguration;
			buildSettings = {
				ALWAYS_SEARCH_USER_PATHS = YES;
				ARCHS = "$(ARCHS_STANDARD)";
				CLANG_CXX_LANGUAGE_STANDARD = "gnu++98";
				CLANG_CXX_LIBRARY = "libc++";
				EXECUTABLE_PREFIX = "";
				LD_DYLIB_INSTALL_NAME = "@rpath/$(EXECUTABLE_PATH)";
				LIBRARY_SEARCH_PATHS = "$(SRCROOT)/../../darwin64/lib/";
				MACOSX_DEPLOYMENT_TARGET = 10.8;
				ONLY_ACTIVE_ARCH = NO;
				PRODUCT_NAME = "$(TARGET_NAME)";
				SDKROOT = macosx;
				SYMROOT = build;
				USER_HEADER_SEARCH_PATHS = "\"$(SRCROOT)/../../src/libdgfe\" \"$(SRCROOT)/../../src/libstoast\" \"$(SRCROOT)/../..\" \"$(SRCROOT)/../../include\" \"$(SRCROOT)/../../src/libfe\" \"$(SRCROOT)/../../src/libmath\"";
			};
			name = Debug;
		};
		F2CAA165195C24F00002757F /* Release */ = {
			isa = XCBuildConfiguration;
			buildSettings = {
				ALWAYS_SEARCH_USER_PATHS = YES;
				ARCHS = "$(ARCHS_STANDARD)";
				CLANG_CXX_LANGUAGE_STANDARD = "gnu++98";
				CLANG_CXX_LIBRARY = "libc++";
				EXECUTABLE_PREFIX = "";
				GCC_PREPROCESSOR_DEFINITIONS = TOAST_THREAD;
				LD_DYLIB_INSTALL_NAME = "@rpath/$(EXECUTABLE_PATH)";
				LIBRARY_SEARCH_PATHS = "$(SRCROOT)/../../darwin64/lib/";
				MACOSX_DEPLOYMENT_TARGET = 10.8;
				ONLY_ACTIVE_ARCH = NO;
				PRODUCT_NAME = "$(TARGET_NAME)";
				SDKROOT = macosx;
				SYMROOT = build;
				USER_HEADER_SEARCH_PATHS = "\"$(SRCROOT)/../../src/libdgfe\" \"$(SRCROOT)/../../src/libstoast\" \"$(SRCROOT)/../..\" \"$(SRCROOT)/../../include\" \"$(SRCROOT)/../../src/libfe\" \"$(SRCROOT)/../../src/libmath\"";
			};
			name = Release;
		};
/* End XCBuildConfiguration section */

/* Begin XCConfigurationList section */
		F2CAA15A195C24F00002757F /* Build configuration list for PBXProject "libdgfe" */ = {
			isa = XCConfigurationList;
			buildConfigurations = (
				F2CAA161195C24F00002757F /* Debug */,
				F2CAA162195C24F00002757F /* Release */,
			);
			defaultConfigurationIsVisible = 0;
			defaultConfigurationName = Release;
		};
		F2CAA163195C24F00002757F /* Build configuration list for PBXNativeTarget "libdgfe" */ = {
			isa = XCConfigurationList;
			buildConfigurations = (
				F2CAA164195C24F00002757F /* Debug */,
				F2CAA165195C24F00002757F /* Release */,
			);
			defaultConfigurationIsVisible = 0;
			defaultConfigurationName = Release;
		};
/* End XCConfigurationList section */
	};
	rootObject = F2CAA157195C24F00002757F /* Project object */;
}
