// !$*UTF8*$!
{
	archiveVersion = 1;
	classes = {
	};
	objectVersion = 46;
	objects = {

/* Begin PBXBuildFile section */
		F27DDCBD1A779017006D91C2 /* libsuperlu.dylib in Frameworks */ = {isa = PBXBuildFile; fileRef = F27DDCBC1A779017006D91C2 /* libsuperlu.dylib */; };
		F297DCAB195C199F00A7501F /* cr_cholesky.cc in Sources */ = {isa = PBXBuildFile; fileRef = F297DC98195C199F00A7501F /* cr_cholesky.cc */; };
		F297DCAC195C199F00A7501F /* crmatrix_cm.cc in Sources */ = {isa = PBXBuildFile; fileRef = F297DC99195C199F00A7501F /* crmatrix_cm.cc */; };
		F297DCAD195C199F00A7501F /* crmatrix.cc in Sources */ = {isa = PBXBuildFile; fileRef = F297DC9A195C199F00A7501F /* crmatrix.cc */; };
		F297DCAE195C199F00A7501F /* error.cc in Sources */ = {isa = PBXBuildFile; fileRef = F297DC9B195C199F00A7501F /* error.cc */; };
		F297DCAF195C199F00A7501F /* fourn.cc in Sources */ = {isa = PBXBuildFile; fileRef = F297DC9C195C199F00A7501F /* fourn.cc */; };
		F297DCB0195C199F00A7501F /* gsmatrix.cc in Sources */ = {isa = PBXBuildFile; fileRef = F297DC9D195C199F00A7501F /* gsmatrix.cc */; };
		F297DCB1195C199F00A7501F /* ilutoast.cc in Sources */ = {isa = PBXBuildFile; fileRef = F297DC9E195C199F00A7501F /* ilutoast.cc */; };
		F297DCB2195C199F00A7501F /* mathdef.cc in Sources */ = {isa = PBXBuildFile; fileRef = F297DC9F195C199F00A7501F /* mathdef.cc */; };
		F297DCB3195C199F00A7501F /* nr.cc in Sources */ = {isa = PBXBuildFile; fileRef = F297DCA0195C199F00A7501F /* nr.cc */; };
		F297DCB4195C199F00A7501F /* precon.cc in Sources */ = {isa = PBXBuildFile; fileRef = F297DCA1195C199F00A7501F /* precon.cc */; };
		F297DCB6195C199F00A7501F /* scrmatrix.cc in Sources */ = {isa = PBXBuildFile; fileRef = F297DCA3195C199F00A7501F /* scrmatrix.cc */; };
		F297DCB7195C199F00A7501F /* timing.cc in Sources */ = {isa = PBXBuildFile; fileRef = F297DCA4195C199F00A7501F /* timing.cc */; };
		F297DCB8195C199F00A7501F /* util.cc in Sources */ = {isa = PBXBuildFile; fileRef = F297DCA5195C199F00A7501F /* util.cc */; };
		F297DCB9195C199F00A7501F /* vector.cc in Sources */ = {isa = PBXBuildFile; fileRef = F297DCA6195C199F00A7501F /* vector.cc */; };
		F2D67FC819B7022E009C8818 /* task.cc in Sources */ = {isa = PBXBuildFile; fileRef = F2D67FC619B7022E009C8818 /* task.cc */; };
		F2D67FC919B7022E009C8818 /* vector_MT.cc in Sources */ = {isa = PBXBuildFile; fileRef = F2D67FC719B7022E009C8818 /* vector_MT.cc */; };
		F2ED6501195CB13B006CD663 /* libmath.dylib in CopyFiles */ = {isa = PBXBuildFile; fileRef = F297DC8D195C199200A7501F /* libmath.dylib */; };
/* End PBXBuildFile section */

/* Begin PBXCopyFilesBuildPhase section */
		F2ED6500195CB132006CD663 /* CopyFiles */ = {
			isa = PBXCopyFilesBuildPhase;
			buildActionMask = 2147483647;
			dstPath = "$(SRCROOT)/../../darwin64/lib";
			dstSubfolderSpec = 0;
			files = (
				F2ED6501195CB13B006CD663 /* libmath.dylib in CopyFiles */,
			);
			runOnlyForDeploymentPostprocessing = 0;
		};
/* End PBXCopyFilesBuildPhase section */

/* Begin PBXFileReference section */
		F27DDCBC1A779017006D91C2 /* libsuperlu.dylib */ = {isa = PBXFileReference; lastKnownFileType = "compiled.mach-o.dylib"; name = libsuperlu.dylib; path = ../libsuperlu/build/Debug/libsuperlu.dylib; sourceTree = "<group>"; };
		F297DC8D195C199200A7501F /* libmath.dylib */ = {isa = PBXFileReference; explicitFileType = "compiled.mach-o.dylib"; includeInIndex = 0; path = libmath.dylib; sourceTree = BUILT_PRODUCTS_DIR; };
		F297DC98195C199F00A7501F /* cr_cholesky.cc */ = {isa = PBXFileReference; fileEncoding = 4; lastKnownFileType = sourcecode.cpp.cpp; name = cr_cholesky.cc; path = ../../src/libmath/cr_cholesky.cc; sourceTree = "<group>"; };
		F297DC99195C199F00A7501F /* crmatrix_cm.cc */ = {isa = PBXFileReference; fileEncoding = 4; lastKnownFileType = sourcecode.cpp.cpp; name = crmatrix_cm.cc; path = ../../src/libmath/crmatrix_cm.cc; sourceTree = "<group>"; };
		F297DC9A195C199F00A7501F /* crmatrix.cc */ = {isa = PBXFileReference; fileEncoding = 4; lastKnownFileType = sourcecode.cpp.cpp; name = crmatrix.cc; path = ../../src/libmath/crmatrix.cc; sourceTree = "<group>"; };
		F297DC9B195C199F00A7501F /* error.cc */ = {isa = PBXFileReference; fileEncoding = 4; lastKnownFileType = sourcecode.cpp.cpp; name = error.cc; path = ../../src/libmath/error.cc; sourceTree = "<group>"; };
		F297DC9C195C199F00A7501F /* fourn.cc */ = {isa = PBXFileReference; fileEncoding = 4; lastKnownFileType = sourcecode.cpp.cpp; name = fourn.cc; path = ../../src/libmath/fourn.cc; sourceTree = "<group>"; };
		F297DC9D195C199F00A7501F /* gsmatrix.cc */ = {isa = PBXFileReference; fileEncoding = 4; lastKnownFileType = sourcecode.cpp.cpp; name = gsmatrix.cc; path = ../../src/libmath/gsmatrix.cc; sourceTree = "<group>"; };
		F297DC9E195C199F00A7501F /* ilutoast.cc */ = {isa = PBXFileReference; fileEncoding = 4; lastKnownFileType = sourcecode.cpp.cpp; name = ilutoast.cc; path = ../../src/libmath/ilutoast.cc; sourceTree = "<group>"; };
		F297DC9F195C199F00A7501F /* mathdef.cc */ = {isa = PBXFileReference; fileEncoding = 4; lastKnownFileType = sourcecode.cpp.cpp; name = mathdef.cc; path = ../../src/libmath/mathdef.cc; sourceTree = "<group>"; };
		F297DCA0195C199F00A7501F /* nr.cc */ = {isa = PBXFileReference; fileEncoding = 4; lastKnownFileType = sourcecode.cpp.cpp; name = nr.cc; path = ../../src/libmath/nr.cc; sourceTree = "<group>"; };
		F297DCA1195C199F00A7501F /* precon.cc */ = {isa = PBXFileReference; fileEncoding = 4; lastKnownFileType = sourcecode.cpp.cpp; name = precon.cc; path = ../../src/libmath/precon.cc; sourceTree = "<group>"; };
		F297DCA3195C199F00A7501F /* scrmatrix.cc */ = {isa = PBXFileReference; fileEncoding = 4; lastKnownFileType = sourcecode.cpp.cpp; name = scrmatrix.cc; path = ../../src/libmath/scrmatrix.cc; sourceTree = "<group>"; };
		F297DCA4195C199F00A7501F /* timing.cc */ = {isa = PBXFileReference; fileEncoding = 4; lastKnownFileType = sourcecode.cpp.cpp; name = timing.cc; path = ../../src/libmath/timing.cc; sourceTree = "<group>"; };
		F297DCA5195C199F00A7501F /* util.cc */ = {isa = PBXFileReference; fileEncoding = 4; lastKnownFileType = sourcecode.cpp.cpp; name = util.cc; path = ../../src/libmath/util.cc; sourceTree = "<group>"; };
		F297DCA6195C199F00A7501F /* vector.cc */ = {isa = PBXFileReference; fileEncoding = 4; lastKnownFileType = sourcecode.cpp.cpp; name = vector.cc; path = ../../src/libmath/vector.cc; sourceTree = "<group>"; };
		F2D67FC619B7022E009C8818 /* task.cc */ = {isa = PBXFileReference; fileEncoding = 4; lastKnownFileType = sourcecode.cpp.cpp; name = task.cc; path = ../../src/libmath/task.cc; sourceTree = "<group>"; };
		F2D67FC719B7022E009C8818 /* vector_MT.cc */ = {isa = PBXFileReference; fileEncoding = 4; lastKnownFileType = sourcecode.cpp.cpp; name = vector_MT.cc; path = ../../src/libmath/vector_MT.cc; sourceTree = "<group>"; };
/* End PBXFileReference section */

/* Begin PBXFrameworksBuildPhase section */
		F297DC8A195C199200A7501F /* Frameworks */ = {
			isa = PBXFrameworksBuildPhase;
			buildActionMask = 2147483647;
			files = (
				F27DDCBD1A779017006D91C2 /* libsuperlu.dylib in Frameworks */,
			);
			runOnlyForDeploymentPostprocessing = 0;
		};
/* End PBXFrameworksBuildPhase section */

/* Begin PBXGroup section */
		F297DC84195C199200A7501F = {
			isa = PBXGroup;
			children = (
				F27DDCBC1A779017006D91C2 /* libsuperlu.dylib */,
				F297DC98195C199F00A7501F /* cr_cholesky.cc */,
				F297DC99195C199F00A7501F /* crmatrix_cm.cc */,
				F297DC9A195C199F00A7501F /* crmatrix.cc */,
				F297DC9B195C199F00A7501F /* error.cc */,
				F297DC9C195C199F00A7501F /* fourn.cc */,
				F297DC9D195C199F00A7501F /* gsmatrix.cc */,
				F297DC9E195C199F00A7501F /* ilutoast.cc */,
				F297DC9F195C199F00A7501F /* mathdef.cc */,
				F297DCA0195C199F00A7501F /* nr.cc */,
				F297DCA1195C199F00A7501F /* precon.cc */,
				F297DCA3195C199F00A7501F /* scrmatrix.cc */,
				F297DCA4195C199F00A7501F /* timing.cc */,
				F297DCA5195C199F00A7501F /* util.cc */,
				F297DCA6195C199F00A7501F /* vector.cc */,
				F2D67FC619B7022E009C8818 /* task.cc */,
				F2D67FC719B7022E009C8818 /* vector_MT.cc */,
				F297DC8E195C199200A7501F /* Products */,
			);
			sourceTree = "<group>";
		};
		F297DC8E195C199200A7501F /* Products */ = {
			isa = PBXGroup;
			children = (
				F297DC8D195C199200A7501F /* libmath.dylib */,
			);
			name = Products;
			sourceTree = "<group>";
		};
/* End PBXGroup section */

/* Begin PBXHeadersBuildPhase section */
		F297DC8B195C199200A7501F /* Headers */ = {
			isa = PBXHeadersBuildPhase;
			buildActionMask = 2147483647;
			files = (
			);
			runOnlyForDeploymentPostprocessing = 0;
		};
/* End PBXHeadersBuildPhase section */

/* Begin PBXNativeTarget section */
		F297DC8C195C199200A7501F /* libmath */ = {
			isa = PBXNativeTarget;
			buildConfigurationList = F297DC91195C199200A7501F /* Build configuration list for PBXNativeTarget "libmath" */;
			buildPhases = (
				F297DC89195C199200A7501F /* Sources */,
				F297DC8A195C199200A7501F /* Frameworks */,
				F297DC8B195C199200A7501F /* Headers */,
				F2ED6500195CB132006CD663 /* CopyFiles */,
			);
			buildRules = (
			);
			dependencies = (
			);
			name = libmath;
			productName = libmath;
			productReference = F297DC8D195C199200A7501F /* libmath.dylib */;
			productType = "com.apple.product-type.library.dynamic";
		};
/* End PBXNativeTarget section */

/* Begin PBXProject section */
		F297DC85195C199200A7501F /* Project object */ = {
			isa = PBXProject;
			attributes = {
				LastUpgradeCheck = 0510;
				ORGANIZATIONNAME = UCL;
			};
			buildConfigurationList = F297DC88195C199200A7501F /* Build configuration list for PBXProject "libmath" */;
			compatibilityVersion = "Xcode 3.2";
			developmentRegion = English;
			hasScannedForEncodings = 0;
			knownRegions = (
				en,
			);
			mainGroup = F297DC84195C199200A7501F;
			productRefGroup = F297DC8E195C199200A7501F /* Products */;
			projectDirPath = "";
			projectRoot = "";
			targets = (
				F297DC8C195C199200A7501F /* libmath */,
			);
		};
/* End PBXProject section */

/* Begin PBXSourcesBuildPhase section */
		F297DC89195C199200A7501F /* Sources */ = {
			isa = PBXSourcesBuildPhase;
			buildActionMask = 2147483647;
			files = (
				F297DCB3195C199F00A7501F /* nr.cc in Sources */,
				F297DCAE195C199F00A7501F /* error.cc in Sources */,
				F297DCAD195C199F00A7501F /* crmatrix.cc in Sources */,
				F297DCAF195C199F00A7501F /* fourn.cc in Sources */,
				F2D67FC919B7022E009C8818 /* vector_MT.cc in Sources */,
				F297DCAB195C199F00A7501F /* cr_cholesky.cc in Sources */,
				F297DCB2195C199F00A7501F /* mathdef.cc in Sources */,
				F297DCB9195C199F00A7501F /* vector.cc in Sources */,
				F297DCB8195C199F00A7501F /* util.cc in Sources */,
				F297DCB4195C199F00A7501F /* precon.cc in Sources */,
				F297DCB1195C199F00A7501F /* ilutoast.cc in Sources */,
				F297DCB0195C199F00A7501F /* gsmatrix.cc in Sources */,
				F297DCAC195C199F00A7501F /* crmatrix_cm.cc in Sources */,
				F297DCB6195C199F00A7501F /* scrmatrix.cc in Sources */,
				F2D67FC819B7022E009C8818 /* task.cc in Sources */,
				F297DCB7195C199F00A7501F /* timing.cc in Sources */,
			);
			runOnlyForDeploymentPostprocessing = 0;
		};
/* End PBXSourcesBuildPhase section */

/* Begin XCBuildConfiguration section */
		F297DC8F195C199200A7501F /* Debug */ = {
			isa = XCBuildConfiguration;
			buildSettings = {
				ALWAYS_SEARCH_USER_PATHS = NO;
				CLANG_CXX_LANGUAGE_STANDARD = "gnu++0x";
				CLANG_CXX_LIBRARY = "libc++";
				CLANG_ENABLE_MODULES = YES;
				CLANG_ENABLE_OBJC_ARC = YES;
				CLANG_WARN_BOOL_CONVERSION = YES;
				CLANG_WARN_CONSTANT_CONVERSION = YES;
				CLANG_WARN_DIRECT_OBJC_ISA_USAGE = YES_ERROR;
				CLANG_WARN_EMPTY_BODY = YES;
				CLANG_WARN_ENUM_CONVERSION = YES;
				CLANG_WARN_INT_CONVERSION = YES;
				CLANG_WARN_OBJC_ROOT_CLASS = YES_ERROR;
				CLANG_WARN__DUPLICATE_METHOD_MATCH = YES;
				COPY_PHASE_STRIP = NO;
				GCC_C_LANGUAGE_STANDARD = gnu99;
				GCC_DYNAMIC_NO_PIC = NO;
				GCC_ENABLE_OBJC_EXCEPTIONS = YES;
				GCC_OPTIMIZATION_LEVEL = 0;
				GCC_PREPROCESSOR_DEFINITIONS = (
					"DEBUG=1",
					"$(inherited)",
				);
				GCC_SYMBOLS_PRIVATE_EXTERN = NO;
				GCC_WARN_64_TO_32_BIT_CONVERSION = YES;
				GCC_WARN_ABOUT_RETURN_TYPE = YES_ERROR;
				GCC_WARN_UNDECLARED_SELECTOR = YES;
				GCC_WARN_UNINITIALIZED_AUTOS = YES_AGGRESSIVE;
				GCC_WARN_UNUSED_FUNCTION = YES;
				GCC_WARN_UNUSED_VARIABLE = YES;
				MACOSX_DEPLOYMENT_TARGET = 10.8;
				ONLY_ACTIVE_ARCH = YES;
				SDKROOT = macosx;
			};
			name = Debug;
		};
		F297DC90195C199200A7501F /* Release */ = {
			isa = XCBuildConfiguration;
			buildSettings = {
				ALWAYS_SEARCH_USER_PATHS = NO;
				CLANG_CXX_LANGUAGE_STANDARD = "gnu++0x";
				CLANG_CXX_LIBRARY = "libc++";
				CLANG_ENABLE_MODULES = YES;
				CLANG_ENABLE_OBJC_ARC = YES;
				CLANG_WARN_BOOL_CONVERSION = YES;
				CLANG_WARN_CONSTANT_CONVERSION = YES;
				CLANG_WARN_DIRECT_OBJC_ISA_USAGE = YES_ERROR;
				CLANG_WARN_EMPTY_BODY = YES;
				CLANG_WARN_ENUM_CONVERSION = YES;
				CLANG_WARN_INT_CONVERSION = YES;
				CLANG_WARN_OBJC_ROOT_CLASS = YES_ERROR;
				CLANG_WARN__DUPLICATE_METHOD_MATCH = YES;
				COPY_PHASE_STRIP = YES;
				DEBUG_INFORMATION_FORMAT = "dwarf-with-dsym";
				ENABLE_NS_ASSERTIONS = NO;
				GCC_C_LANGUAGE_STANDARD = gnu99;
				GCC_ENABLE_OBJC_EXCEPTIONS = YES;
				GCC_WARN_64_TO_32_BIT_CONVERSION = YES;
				GCC_WARN_ABOUT_RETURN_TYPE = YES_ERROR;
				GCC_WARN_UNDECLARED_SELECTOR = YES;
				GCC_WARN_UNINITIALIZED_AUTOS = YES_AGGRESSIVE;
				GCC_WARN_UNUSED_FUNCTION = YES;
				GCC_WARN_UNUSED_VARIABLE = YES;
				MACOSX_DEPLOYMENT_TARGET = 10.8;
				SDKROOT = macosx;
			};
			name = Release;
		};
		F297DC92195C199200A7501F /* Debug */ = {
			isa = XCBuildConfiguration;
			buildSettings = {
				ALWAYS_SEARCH_USER_PATHS = YES;
				ARCHS = "$(ARCHS_STANDARD)";
				CLANG_CXX_LANGUAGE_STANDARD = "gnu++98";
				CLANG_CXX_LIBRARY = "libc++";
				DYLIB_COMPATIBILITY_VERSION = "";
				DYLIB_CURRENT_VERSION = "";
				EXECUTABLE_PREFIX = "";
				GCC_PREPROCESSOR_DEFINITIONS = "DEBUG=1";
				GCC_UNROLL_LOOPS = YES;
				LD_DYLIB_INSTALL_NAME = "@rpath/$(EXECUTABLE_PATH)";
				LIBRARY_SEARCH_PATHS = "$(SRCROOT)/../../darwin64/lib/";
				LLVM_LTO = YES;
				MACH_O_TYPE = mh_dylib;
				MACOSX_DEPLOYMENT_TARGET = 10.8;
				ONLY_ACTIVE_ARCH = NO;
				PRODUCT_NAME = "$(TARGET_NAME)";
				SDKROOT = macosx;
				SYMROOT = build;
				USER_HEADER_SEARCH_PATHS = "\"$(SRCROOT)/../..\" \"$(SRCROOT)/../../include\" \"$(SRCROOT)/../../src/libmath\" \"$(SRCROOT)/../../numerics/SuperLU_5.0/SRC\"";
			};
			name = Debug;
		};
		F297DC93195C199200A7501F /* Release */ = {
			isa = XCBuildConfiguration;
			buildSettings = {
				ALWAYS_SEARCH_USER_PATHS = YES;
				ARCHS = "$(ARCHS_STANDARD)";
				CLANG_CXX_LANGUAGE_STANDARD = "gnu++98";
				CLANG_CXX_LIBRARY = "libc++";
				DYLIB_COMPATIBILITY_VERSION = "";
				DYLIB_CURRENT_VERSION = "";
				EXECUTABLE_PREFIX = "";
				GCC_OPTIMIZATION_LEVEL = 3;
				GCC_PREPROCESSOR_DEFINITIONS = TOAST_THREAD;
				GCC_UNROLL_LOOPS = YES;
				LD_DYLIB_INSTALL_NAME = "@rpath/$(EXECUTABLE_PATH)";
				LIBRARY_SEARCH_PATHS = "$(SRCROOT)/../../darwin64/lib/";
				LLVM_LTO = YES;
				MACH_O_TYPE = mh_dylib;
				MACOSX_DEPLOYMENT_TARGET = 10.8;
				ONLY_ACTIVE_ARCH = NO;
				PRODUCT_NAME = "$(TARGET_NAME)";
				SDKROOT = macosx;
				SYMROOT = build;
				USER_HEADER_SEARCH_PATHS = "\"$(SRCROOT)/../..\" \"$(SRCROOT)/../../include\" \"$(SRCROOT)/../../src/libmath\" \"$(SRCROOT)/../../numerics/SuperLU_5.0/SRC\"";
			};
			name = Release;
		};
/* End XCBuildConfiguration section */

/* Begin XCConfigurationList section */
		F297DC88195C199200A7501F /* Build configuration list for PBXProject "libmath" */ = {
			isa = XCConfigurationList;
			buildConfigurations = (
				F297DC8F195C199200A7501F /* Debug */,
				F297DC90195C199200A7501F /* Release */,
			);
			defaultConfigurationIsVisible = 0;
			defaultConfigurationName = Release;
		};
		F297DC91195C199200A7501F /* Build configuration list for PBXNativeTarget "libmath" */ = {
			isa = XCConfigurationList;
			buildConfigurations = (
				F297DC92195C199200A7501F /* Debug */,
				F297DC93195C199200A7501F /* Release */,
			);
			defaultConfigurationIsVisible = 0;
			defaultConfigurationName = Release;
		};
/* End XCConfigurationList section */
	};
	rootObject = F297DC85195C199200A7501F /* Project object */;
}
