<?xml version="1.0" encoding="utf-8"?>
<Project ToolsVersion="4.0" xmlns="http://schemas.microsoft.com/developer/msbuild/2003">
  <ItemGroup>
    <Filter Include="Laaux">
      <UniqueIdentifier>{b75522d6-81e9-4cee-871a-0235df7ded3d}</UniqueIdentifier>
    </Filter>
    <Filter Include="Slasrc">
      <UniqueIdentifier>{97ece8d3-3c3f-4764-ad28-06c7a36059ce}</UniqueIdentifier>
    </Filter>
    <Filter Include="Dlasrc">
      <UniqueIdentifier>{1530ccbb-2354-4ef8-a985-d00647a301c9}</UniqueIdentifier>
    </Filter>
    <Filter Include="Clasrc">
      <UniqueIdentifier>{4224c57d-3c54-41e3-ba49-700de3fb30f6}</UniqueIdentifier>
    </Filter>
    <Filter Include="Zlasrc">
      <UniqueIdentifier>{60901588-a3e3-4072-8374-b74fe287f426}</UniqueIdentifier>
    </Filter>
    <Filter Include="Dzlaux">
      <UniqueIdentifier>{6019f177-fe85-469c-8a19-cd93fe4ecc62}</UniqueIdentifier>
    </Filter>
    <Filter Include="Allaux">
      <UniqueIdentifier>{5dc59fee-1dd5-4c0e-b00b-3cd61451f77b}</UniqueIdentifier>
    </Filter>
    <Filter Include="Slusrc">
      <UniqueIdentifier>{bb246a8d-4673-4f6b-9c5c-aa4a9382fd16}</UniqueIdentifier>
    </Filter>
    <Filter Include="Dlusrc">
      <UniqueIdentifier>{30fc4c72-8d6f-4298-a272-7ffef1b1287d}</UniqueIdentifier>
    </Filter>
    <Filter Include="Clusrc">
      <UniqueIdentifier>{c1e8a2d3-64bd-49b8-90d6-cbd3e4d0f593}</UniqueIdentifier>
    </Filter>
    <Filter Include="Zlusrc">
      <UniqueIdentifier>{960b0d0f-26c3-4261-815f-6f94d62a41e7}</UniqueIdentifier>
    </Filter>
    <Filter Include="Sclaux">
      <UniqueIdentifier>{c2a6522e-1a53-44ee-b91a-b9d5efca7da0}</UniqueIdentifier>
    </Filter>
    <Filter Include="Header files">
      <UniqueIdentifier>{0524b3d1-2d15-4185-b12c-53a7f83eb6ec}</UniqueIdentifier>
    </Filter>
    <Filter Include="Cblas">
      <UniqueIdentifier>{d820ae32-e209-4640-92e5-f92b8100241c}</UniqueIdentifier>
    </Filter>
  </ItemGroup>
  <ItemGroup>
    <ClCompile Include="..\..\..\..\numerics\SuperLU_5.0\SRC\lsame.c">
      <Filter>Laaux</Filter>
    </ClCompile>
    <ClCompile Include="..\..\..\..\numerics\SuperLU_5.0\SRC\xerbla.c">
      <Filter>Laaux</Filter>
    </ClCompile>
    <ClCompile Include="..\..\..\..\numerics\SuperLU_5.0\SRC\slacon2.c">
      <Filter>Slasrc</Filter>
    </ClCompile>
    <ClCompile Include="..\..\..\..\numerics\SuperLU_5.0\SRC\dlacon2.c">
      <Filter>Dlasrc</Filter>
    </ClCompile>
    <ClCompile Include="..\..\..\..\numerics\SuperLU_5.0\SRC\clacon2.c">
      <Filter>Clasrc</Filter>
    </ClCompile>
    <ClCompile Include="..\..\..\..\numerics\SuperLU_5.0\SRC\icmax1.c">
      <Filter>Clasrc</Filter>
    </ClCompile>
    <ClCompile Include="..\..\..\..\numerics\SuperLU_5.0\SRC\scsum1.c">
      <Filter>Clasrc</Filter>
    </ClCompile>
    <ClCompile Include="..\..\..\..\numerics\SuperLU_5.0\SRC\dzsum1.c">
      <Filter>Zlasrc</Filter>
    </ClCompile>
    <ClCompile Include="..\..\..\..\numerics\SuperLU_5.0\SRC\izmax1.c">
      <Filter>Zlasrc</Filter>
    </ClCompile>
    <ClCompile Include="..\..\..\..\numerics\SuperLU_5.0\SRC\zlacon2.c">
      <Filter>Zlasrc</Filter>
    </ClCompile>
    <ClCompile Include="..\..\..\..\numerics\SuperLU_5.0\INSTALL\dmach.c">
      <Filter>Dzlaux</Filter>
    </ClCompile>
    <ClCompile Include="..\..\..\..\numerics\SuperLU_5.0\SRC\colamd.c">
      <Filter>Allaux</Filter>
    </ClCompile>
    <ClCompile Include="..\..\..\..\numerics\SuperLU_5.0\SRC\get_perm_c.c">
      <Filter>Allaux</Filter>
    </ClCompile>
    <ClCompile Include="..\..\..\..\numerics\SuperLU_5.0\SRC\heap_relax_snode.c">
      <Filter>Allaux</Filter>
    </ClCompile>
    <ClCompile Include="..\..\..\..\numerics\SuperLU_5.0\SRC\ilu_heap_relax_snode.c">
      <Filter>Allaux</Filter>
    </ClCompile>
    <ClCompile Include="..\..\..\..\numerics\SuperLU_5.0\SRC\ilu_relax_snode.c">
      <Filter>Allaux</Filter>
    </ClCompile>
    <ClCompile Include="..\..\..\..\numerics\SuperLU_5.0\SRC\input_error.c">
      <Filter>Allaux</Filter>
    </ClCompile>
    <ClCompile Include="..\..\..\..\numerics\SuperLU_5.0\SRC\mark_relax.c">
      <Filter>Allaux</Filter>
    </ClCompile>
    <ClCompile Include="..\..\..\..\numerics\SuperLU_5.0\SRC\mc64ad.c">
      <Filter>Allaux</Filter>
    </ClCompile>
    <ClCompile Include="..\..\..\..\numerics\SuperLU_5.0\SRC\memory.c">
      <Filter>Allaux</Filter>
    </ClCompile>
    <ClCompile Include="..\..\..\..\numerics\SuperLU_5.0\SRC\mmd.c">
      <Filter>Allaux</Filter>
    </ClCompile>
    <ClCompile Include="..\..\..\..\numerics\SuperLU_5.0\SRC\qselect.c">
      <Filter>Allaux</Filter>
    </ClCompile>
    <ClCompile Include="..\..\..\..\numerics\SuperLU_5.0\SRC\relax_snode.c">
      <Filter>Allaux</Filter>
    </ClCompile>
    <ClCompile Include="..\..\..\..\numerics\SuperLU_5.0\SRC\sp_coletree.c">
      <Filter>Allaux</Filter>
    </ClCompile>
    <ClCompile Include="..\..\..\..\numerics\SuperLU_5.0\SRC\sp_ienv.c">
      <Filter>Allaux</Filter>
    </ClCompile>
    <ClCompile Include="..\..\..\..\numerics\SuperLU_5.0\SRC\sp_preorder.c">
      <Filter>Allaux</Filter>
    </ClCompile>
    <ClCompile Include="..\..\..\..\numerics\SuperLU_5.0\SRC\superlu_timer.c">
      <Filter>Allaux</Filter>
    </ClCompile>
    <ClCompile Include="..\..\..\..\numerics\SuperLU_5.0\SRC\util.c">
      <Filter>Allaux</Filter>
    </ClCompile>
    <ClCompile Include="..\..\..\..\numerics\SuperLU_5.0\SRC\ilu_scolumn_dfs.c">
      <Filter>Slusrc</Filter>
    </ClCompile>
    <ClCompile Include="..\..\..\..\numerics\SuperLU_5.0\SRC\ilu_scopy_to_ucol.c">
      <Filter>Slusrc</Filter>
    </ClCompile>
    <ClCompile Include="..\..\..\..\numerics\SuperLU_5.0\SRC\ilu_sdrop_row.c">
      <Filter>Slusrc</Filter>
    </ClCompile>
    <ClCompile Include="..\..\..\..\numerics\SuperLU_5.0\SRC\ilu_spanel_dfs.c">
      <Filter>Slusrc</Filter>
    </ClCompile>
    <ClCompile Include="..\..\..\..\numerics\SuperLU_5.0\SRC\ilu_spivotL.c">
      <Filter>Slusrc</Filter>
    </ClCompile>
    <ClCompile Include="..\..\..\..\numerics\SuperLU_5.0\SRC\ilu_ssnode_dfs.c">
      <Filter>Slusrc</Filter>
    </ClCompile>
    <ClCompile Include="..\..\..\..\numerics\SuperLU_5.0\SRC\scolumn_bmod.c">
      <Filter>Slusrc</Filter>
    </ClCompile>
    <ClCompile Include="..\..\..\..\numerics\SuperLU_5.0\SRC\scolumn_dfs.c">
      <Filter>Slusrc</Filter>
    </ClCompile>
    <ClCompile Include="..\..\..\..\numerics\SuperLU_5.0\SRC\scopy_to_ucol.c">
      <Filter>Slusrc</Filter>
    </ClCompile>
    <ClCompile Include="..\..\..\..\numerics\SuperLU_5.0\SRC\sdiagonal.c">
      <Filter>Slusrc</Filter>
    </ClCompile>
    <ClCompile Include="..\..\..\..\numerics\SuperLU_5.0\SRC\sgscon.c">
      <Filter>Slusrc</Filter>
    </ClCompile>
    <ClCompile Include="..\..\..\..\numerics\SuperLU_5.0\SRC\sgsequ.c">
      <Filter>Slusrc</Filter>
    </ClCompile>
    <ClCompile Include="..\..\..\..\numerics\SuperLU_5.0\SRC\sgsisx.c">
      <Filter>Slusrc</Filter>
    </ClCompile>
    <ClCompile Include="..\..\..\..\numerics\SuperLU_5.0\SRC\sgsitrf.c">
      <Filter>Slusrc</Filter>
    </ClCompile>
    <ClCompile Include="..\..\..\..\numerics\SuperLU_5.0\SRC\sgsrfs.c">
      <Filter>Slusrc</Filter>
    </ClCompile>
    <ClCompile Include="..\..\..\..\numerics\SuperLU_5.0\SRC\sgssv.c">
      <Filter>Slusrc</Filter>
    </ClCompile>
    <ClCompile Include="..\..\..\..\numerics\SuperLU_5.0\SRC\sgssvx.c">
      <Filter>Slusrc</Filter>
    </ClCompile>
    <ClCompile Include="..\..\..\..\numerics\SuperLU_5.0\SRC\sgstrf.c">
      <Filter>Slusrc</Filter>
    </ClCompile>
    <ClCompile Include="..\..\..\..\numerics\SuperLU_5.0\SRC\sgstrs.c">
      <Filter>Slusrc</Filter>
    </ClCompile>
    <ClCompile Include="..\..\..\..\numerics\SuperLU_5.0\SRC\slangs.c">
      <Filter>Slusrc</Filter>
    </ClCompile>
    <ClCompile Include="..\..\..\..\numerics\SuperLU_5.0\SRC\slaqgs.c">
      <Filter>Slusrc</Filter>
    </ClCompile>
    <ClCompile Include="..\..\..\..\numerics\SuperLU_5.0\SRC\sldperm.c">
      <Filter>Slusrc</Filter>
    </ClCompile>
    <ClCompile Include="..\..\..\..\numerics\SuperLU_5.0\SRC\smemory.c">
      <Filter>Slusrc</Filter>
    </ClCompile>
    <ClCompile Include="..\..\..\..\numerics\SuperLU_5.0\SRC\smyblas2.c">
      <Filter>Slusrc</Filter>
    </ClCompile>
    <ClCompile Include="..\..\..\..\numerics\SuperLU_5.0\SRC\spanel_bmod.c">
      <Filter>Slusrc</Filter>
    </ClCompile>
    <ClCompile Include="..\..\..\..\numerics\SuperLU_5.0\SRC\spanel_dfs.c">
      <Filter>Slusrc</Filter>
    </ClCompile>
    <ClCompile Include="..\..\..\..\numerics\SuperLU_5.0\SRC\spivotgrowth.c">
      <Filter>Slusrc</Filter>
    </ClCompile>
    <ClCompile Include="..\..\..\..\numerics\SuperLU_5.0\SRC\spivotL.c">
      <Filter>Slusrc</Filter>
    </ClCompile>
    <ClCompile Include="..\..\..\..\numerics\SuperLU_5.0\SRC\spruneL.c">
      <Filter>Slusrc</Filter>
    </ClCompile>
    <ClCompile Include="..\..\..\..\numerics\SuperLU_5.0\SRC\sreadhb.c">
      <Filter>Slusrc</Filter>
    </ClCompile>
    <ClCompile Include="..\..\..\..\numerics\SuperLU_5.0\SRC\sreadrb.c">
      <Filter>Slusrc</Filter>
    </ClCompile>
    <ClCompile Include="..\..\..\..\numerics\SuperLU_5.0\SRC\sreadtriple.c">
      <Filter>Slusrc</Filter>
    </ClCompile>
    <ClCompile Include="..\..\..\..\numerics\SuperLU_5.0\SRC\ssnode_bmod.c">
      <Filter>Slusrc</Filter>
    </ClCompile>
    <ClCompile Include="..\..\..\..\numerics\SuperLU_5.0\SRC\ssnode_dfs.c">
      <Filter>Slusrc</Filter>
    </ClCompile>
    <ClCompile Include="..\..\..\..\numerics\SuperLU_5.0\SRC\ssp_blas2.c">
      <Filter>Slusrc</Filter>
    </ClCompile>
    <ClCompile Include="..\..\..\..\numerics\SuperLU_5.0\SRC\ssp_blas3.c">
      <Filter>Slusrc</Filter>
    </ClCompile>
    <ClCompile Include="..\..\..\..\numerics\SuperLU_5.0\SRC\sutil.c">
      <Filter>Slusrc</Filter>
    </ClCompile>
    <ClCompile Include="..\..\..\..\numerics\SuperLU_5.0\SRC\dcolumn_bmod.c">
      <Filter>Dlusrc</Filter>
    </ClCompile>
    <ClCompile Include="..\..\..\..\numerics\SuperLU_5.0\SRC\dcolumn_dfs.c">
      <Filter>Dlusrc</Filter>
    </ClCompile>
    <ClCompile Include="..\..\..\..\numerics\SuperLU_5.0\SRC\dcopy_to_ucol.c">
      <Filter>Dlusrc</Filter>
    </ClCompile>
    <ClCompile Include="..\..\..\..\numerics\SuperLU_5.0\SRC\ddiagonal.c">
      <Filter>Dlusrc</Filter>
    </ClCompile>
    <ClCompile Include="..\..\..\..\numerics\SuperLU_5.0\SRC\dgscon.c">
      <Filter>Dlusrc</Filter>
    </ClCompile>
    <ClCompile Include="..\..\..\..\numerics\SuperLU_5.0\SRC\dgsequ.c">
      <Filter>Dlusrc</Filter>
    </ClCompile>
    <ClCompile Include="..\..\..\..\numerics\SuperLU_5.0\SRC\dgsisx.c">
      <Filter>Dlusrc</Filter>
    </ClCompile>
    <ClCompile Include="..\..\..\..\numerics\SuperLU_5.0\SRC\dgsitrf.c">
      <Filter>Dlusrc</Filter>
    </ClCompile>
    <ClCompile Include="..\..\..\..\numerics\SuperLU_5.0\SRC\dgsrfs.c">
      <Filter>Dlusrc</Filter>
    </ClCompile>
    <ClCompile Include="..\..\..\..\numerics\SuperLU_5.0\SRC\dgssv.c">
      <Filter>Dlusrc</Filter>
    </ClCompile>
    <ClCompile Include="..\..\..\..\numerics\SuperLU_5.0\SRC\dgssvx.c">
      <Filter>Dlusrc</Filter>
    </ClCompile>
    <ClCompile Include="..\..\..\..\numerics\SuperLU_5.0\SRC\dgstrf.c">
      <Filter>Dlusrc</Filter>
    </ClCompile>
    <ClCompile Include="..\..\..\..\numerics\SuperLU_5.0\SRC\dgstrs.c">
      <Filter>Dlusrc</Filter>
    </ClCompile>
    <ClCompile Include="..\..\..\..\numerics\SuperLU_5.0\SRC\dlangs.c">
      <Filter>Dlusrc</Filter>
    </ClCompile>
    <ClCompile Include="..\..\..\..\numerics\SuperLU_5.0\SRC\dlaqgs.c">
      <Filter>Dlusrc</Filter>
    </ClCompile>
    <ClCompile Include="..\..\..\..\numerics\SuperLU_5.0\SRC\dldperm.c">
      <Filter>Dlusrc</Filter>
    </ClCompile>
    <ClCompile Include="..\..\..\..\numerics\SuperLU_5.0\SRC\dmemory.c">
      <Filter>Dlusrc</Filter>
    </ClCompile>
    <ClCompile Include="..\..\..\..\numerics\SuperLU_5.0\SRC\dmyblas2.c">
      <Filter>Dlusrc</Filter>
    </ClCompile>
    <ClCompile Include="..\..\..\..\numerics\SuperLU_5.0\SRC\dpanel_bmod.c">
      <Filter>Dlusrc</Filter>
    </ClCompile>
    <ClCompile Include="..\..\..\..\numerics\SuperLU_5.0\SRC\dpanel_dfs.c">
      <Filter>Dlusrc</Filter>
    </ClCompile>
    <ClCompile Include="..\..\..\..\numerics\SuperLU_5.0\SRC\dpivotgrowth.c">
      <Filter>Dlusrc</Filter>
    </ClCompile>
    <ClCompile Include="..\..\..\..\numerics\SuperLU_5.0\SRC\dpivotL.c">
      <Filter>Dlusrc</Filter>
    </ClCompile>
    <ClCompile Include="..\..\..\..\numerics\SuperLU_5.0\SRC\dpruneL.c">
      <Filter>Dlusrc</Filter>
    </ClCompile>
    <ClCompile Include="..\..\..\..\numerics\SuperLU_5.0\SRC\dreadhb.c">
      <Filter>Dlusrc</Filter>
    </ClCompile>
    <ClCompile Include="..\..\..\..\numerics\SuperLU_5.0\SRC\dreadrb.c">
      <Filter>Dlusrc</Filter>
    </ClCompile>
    <ClCompile Include="..\..\..\..\numerics\SuperLU_5.0\SRC\dreadtriple.c">
      <Filter>Dlusrc</Filter>
    </ClCompile>
    <ClCompile Include="..\..\..\..\numerics\SuperLU_5.0\SRC\dsnode_bmod.c">
      <Filter>Dlusrc</Filter>
    </ClCompile>
    <ClCompile Include="..\..\..\..\numerics\SuperLU_5.0\SRC\dsnode_dfs.c">
      <Filter>Dlusrc</Filter>
    </ClCompile>
    <ClCompile Include="..\..\..\..\numerics\SuperLU_5.0\SRC\dsp_blas2.c">
      <Filter>Dlusrc</Filter>
    </ClCompile>
    <ClCompile Include="..\..\..\..\numerics\SuperLU_5.0\SRC\dsp_blas3.c">
      <Filter>Dlusrc</Filter>
    </ClCompile>
    <ClCompile Include="..\..\..\..\numerics\SuperLU_5.0\SRC\dutil.c">
      <Filter>Dlusrc</Filter>
    </ClCompile>
    <ClCompile Include="..\..\..\..\numerics\SuperLU_5.0\SRC\ilu_dcolumn_dfs.c">
      <Filter>Dlusrc</Filter>
    </ClCompile>
    <ClCompile Include="..\..\..\..\numerics\SuperLU_5.0\SRC\ilu_dcopy_to_ucol.c">
      <Filter>Dlusrc</Filter>
    </ClCompile>
    <ClCompile Include="..\..\..\..\numerics\SuperLU_5.0\SRC\ilu_ddrop_row.c">
      <Filter>Dlusrc</Filter>
    </ClCompile>
    <ClCompile Include="..\..\..\..\numerics\SuperLU_5.0\SRC\ilu_dpanel_dfs.c">
      <Filter>Dlusrc</Filter>
    </ClCompile>
    <ClCompile Include="..\..\..\..\numerics\SuperLU_5.0\SRC\ilu_dpivotL.c">
      <Filter>Dlusrc</Filter>
    </ClCompile>
    <ClCompile Include="..\..\..\..\numerics\SuperLU_5.0\SRC\ilu_dsnode_dfs.c">
      <Filter>Dlusrc</Filter>
    </ClCompile>
    <ClCompile Include="..\..\..\..\numerics\SuperLU_5.0\SRC\ccolumn_bmod.c">
      <Filter>Clusrc</Filter>
    </ClCompile>
    <ClCompile Include="..\..\..\..\numerics\SuperLU_5.0\SRC\ccolumn_dfs.c">
      <Filter>Clusrc</Filter>
    </ClCompile>
    <ClCompile Include="..\..\..\..\numerics\SuperLU_5.0\SRC\ccopy_to_ucol.c">
      <Filter>Clusrc</Filter>
    </ClCompile>
    <ClCompile Include="..\..\..\..\numerics\SuperLU_5.0\SRC\cdiagonal.c">
      <Filter>Clusrc</Filter>
    </ClCompile>
    <ClCompile Include="..\..\..\..\numerics\SuperLU_5.0\SRC\cgscon.c">
      <Filter>Clusrc</Filter>
    </ClCompile>
    <ClCompile Include="..\..\..\..\numerics\SuperLU_5.0\SRC\cgsequ.c">
      <Filter>Clusrc</Filter>
    </ClCompile>
    <ClCompile Include="..\..\..\..\numerics\SuperLU_5.0\SRC\cgsisx.c">
      <Filter>Clusrc</Filter>
    </ClCompile>
    <ClCompile Include="..\..\..\..\numerics\SuperLU_5.0\SRC\cgsitrf.c">
      <Filter>Clusrc</Filter>
    </ClCompile>
    <ClCompile Include="..\..\..\..\numerics\SuperLU_5.0\SRC\cgsrfs.c">
      <Filter>Clusrc</Filter>
    </ClCompile>
    <ClCompile Include="..\..\..\..\numerics\SuperLU_5.0\SRC\cgssv.c">
      <Filter>Clusrc</Filter>
    </ClCompile>
    <ClCompile Include="..\..\..\..\numerics\SuperLU_5.0\SRC\cgssvx.c">
      <Filter>Clusrc</Filter>
    </ClCompile>
    <ClCompile Include="..\..\..\..\numerics\SuperLU_5.0\SRC\cgstrf.c">
      <Filter>Clusrc</Filter>
    </ClCompile>
    <ClCompile Include="..\..\..\..\numerics\SuperLU_5.0\SRC\cgstrs.c">
      <Filter>Clusrc</Filter>
    </ClCompile>
    <ClCompile Include="..\..\..\..\numerics\SuperLU_5.0\SRC\clangs.c">
      <Filter>Clusrc</Filter>
    </ClCompile>
    <ClCompile Include="..\..\..\..\numerics\SuperLU_5.0\SRC\claqgs.c">
      <Filter>Clusrc</Filter>
    </ClCompile>
    <ClCompile Include="..\..\..\..\numerics\SuperLU_5.0\SRC\cldperm.c">
      <Filter>Clusrc</Filter>
    </ClCompile>
    <ClCompile Include="..\..\..\..\numerics\SuperLU_5.0\SRC\cmemory.c">
      <Filter>Clusrc</Filter>
    </ClCompile>
    <ClCompile Include="..\..\..\..\numerics\SuperLU_5.0\SRC\cmyblas2.c">
      <Filter>Clusrc</Filter>
    </ClCompile>
    <ClCompile Include="..\..\..\..\numerics\SuperLU_5.0\SRC\cpanel_bmod.c">
      <Filter>Clusrc</Filter>
    </ClCompile>
    <ClCompile Include="..\..\..\..\numerics\SuperLU_5.0\SRC\cpanel_dfs.c">
      <Filter>Clusrc</Filter>
    </ClCompile>
    <ClCompile Include="..\..\..\..\numerics\SuperLU_5.0\SRC\cpivotgrowth.c">
      <Filter>Clusrc</Filter>
    </ClCompile>
    <ClCompile Include="..\..\..\..\numerics\SuperLU_5.0\SRC\cpivotL.c">
      <Filter>Clusrc</Filter>
    </ClCompile>
    <ClCompile Include="..\..\..\..\numerics\SuperLU_5.0\SRC\cpruneL.c">
      <Filter>Clusrc</Filter>
    </ClCompile>
    <ClCompile Include="..\..\..\..\numerics\SuperLU_5.0\SRC\creadhb.c">
      <Filter>Clusrc</Filter>
    </ClCompile>
    <ClCompile Include="..\..\..\..\numerics\SuperLU_5.0\SRC\creadrb.c">
      <Filter>Clusrc</Filter>
    </ClCompile>
    <ClCompile Include="..\..\..\..\numerics\SuperLU_5.0\SRC\creadtriple.c">
      <Filter>Clusrc</Filter>
    </ClCompile>
    <ClCompile Include="..\..\..\..\numerics\SuperLU_5.0\SRC\csnode_bmod.c">
      <Filter>Clusrc</Filter>
    </ClCompile>
    <ClCompile Include="..\..\..\..\numerics\SuperLU_5.0\SRC\csnode_dfs.c">
      <Filter>Clusrc</Filter>
    </ClCompile>
    <ClCompile Include="..\..\..\..\numerics\SuperLU_5.0\SRC\csp_blas2.c">
      <Filter>Clusrc</Filter>
    </ClCompile>
    <ClCompile Include="..\..\..\..\numerics\SuperLU_5.0\SRC\csp_blas3.c">
      <Filter>Clusrc</Filter>
    </ClCompile>
    <ClCompile Include="..\..\..\..\numerics\SuperLU_5.0\SRC\cutil.c">
      <Filter>Clusrc</Filter>
    </ClCompile>
    <ClCompile Include="..\..\..\..\numerics\SuperLU_5.0\SRC\ilu_ccolumn_dfs.c">
      <Filter>Clusrc</Filter>
    </ClCompile>
    <ClCompile Include="..\..\..\..\numerics\SuperLU_5.0\SRC\ilu_ccopy_to_ucol.c">
      <Filter>Clusrc</Filter>
    </ClCompile>
    <ClCompile Include="..\..\..\..\numerics\SuperLU_5.0\SRC\ilu_cdrop_row.c">
      <Filter>Clusrc</Filter>
    </ClCompile>
    <ClCompile Include="..\..\..\..\numerics\SuperLU_5.0\SRC\ilu_cpanel_dfs.c">
      <Filter>Clusrc</Filter>
    </ClCompile>
    <ClCompile Include="..\..\..\..\numerics\SuperLU_5.0\SRC\ilu_cpivotL.c">
      <Filter>Clusrc</Filter>
    </ClCompile>
    <ClCompile Include="..\..\..\..\numerics\SuperLU_5.0\SRC\ilu_csnode_dfs.c">
      <Filter>Clusrc</Filter>
    </ClCompile>
    <ClCompile Include="..\..\..\..\numerics\SuperLU_5.0\SRC\scomplex.c">
      <Filter>Clusrc</Filter>
    </ClCompile>
    <ClCompile Include="..\..\..\..\numerics\SuperLU_5.0\SRC\dcomplex.c">
      <Filter>Zlusrc</Filter>
    </ClCompile>
    <ClCompile Include="..\..\..\..\numerics\SuperLU_5.0\SRC\ilu_zcolumn_dfs.c">
      <Filter>Zlusrc</Filter>
    </ClCompile>
    <ClCompile Include="..\..\..\..\numerics\SuperLU_5.0\SRC\ilu_zcopy_to_ucol.c">
      <Filter>Zlusrc</Filter>
    </ClCompile>
    <ClCompile Include="..\..\..\..\numerics\SuperLU_5.0\SRC\ilu_zdrop_row.c">
      <Filter>Zlusrc</Filter>
    </ClCompile>
    <ClCompile Include="..\..\..\..\numerics\SuperLU_5.0\SRC\ilu_zpanel_dfs.c">
      <Filter>Zlusrc</Filter>
    </ClCompile>
    <ClCompile Include="..\..\..\..\numerics\SuperLU_5.0\SRC\ilu_zpivotL.c">
      <Filter>Zlusrc</Filter>
    </ClCompile>
    <ClCompile Include="..\..\..\..\numerics\SuperLU_5.0\SRC\ilu_zsnode_dfs.c">
      <Filter>Zlusrc</Filter>
    </ClCompile>
    <ClCompile Include="..\..\..\..\numerics\SuperLU_5.0\SRC\zcolumn_bmod.c">
      <Filter>Zlusrc</Filter>
    </ClCompile>
    <ClCompile Include="..\..\..\..\numerics\SuperLU_5.0\SRC\zcolumn_dfs.c">
      <Filter>Zlusrc</Filter>
    </ClCompile>
    <ClCompile Include="..\..\..\..\numerics\SuperLU_5.0\SRC\zcopy_to_ucol.c">
      <Filter>Zlusrc</Filter>
    </ClCompile>
    <ClCompile Include="..\..\..\..\numerics\SuperLU_5.0\SRC\zdiagonal.c">
      <Filter>Zlusrc</Filter>
    </ClCompile>
    <ClCompile Include="..\..\..\..\numerics\SuperLU_5.0\SRC\zgscon.c">
      <Filter>Zlusrc</Filter>
    </ClCompile>
    <ClCompile Include="..\..\..\..\numerics\SuperLU_5.0\SRC\zgsequ.c">
      <Filter>Zlusrc</Filter>
    </ClCompile>
    <ClCompile Include="..\..\..\..\numerics\SuperLU_5.0\SRC\zgsisx.c">
      <Filter>Zlusrc</Filter>
    </ClCompile>
    <ClCompile Include="..\..\..\..\numerics\SuperLU_5.0\SRC\zgsitrf.c">
      <Filter>Zlusrc</Filter>
    </ClCompile>
    <ClCompile Include="..\..\..\..\numerics\SuperLU_5.0\SRC\zgsrfs.c">
      <Filter>Zlusrc</Filter>
    </ClCompile>
    <ClCompile Include="..\..\..\..\numerics\SuperLU_5.0\SRC\zgssv.c">
      <Filter>Zlusrc</Filter>
    </ClCompile>
    <ClCompile Include="..\..\..\..\numerics\SuperLU_5.0\SRC\zgssvx.c">
      <Filter>Zlusrc</Filter>
    </ClCompile>
    <ClCompile Include="..\..\..\..\numerics\SuperLU_5.0\SRC\zgstrf.c">
      <Filter>Zlusrc</Filter>
    </ClCompile>
    <ClCompile Include="..\..\..\..\numerics\SuperLU_5.0\SRC\zgstrs.c">
      <Filter>Zlusrc</Filter>
    </ClCompile>
    <ClCompile Include="..\..\..\..\numerics\SuperLU_5.0\SRC\zlangs.c">
      <Filter>Zlusrc</Filter>
    </ClCompile>
    <ClCompile Include="..\..\..\..\numerics\SuperLU_5.0\SRC\zlaqgs.c">
      <Filter>Zlusrc</Filter>
    </ClCompile>
    <ClCompile Include="..\..\..\..\numerics\SuperLU_5.0\SRC\zldperm.c">
      <Filter>Zlusrc</Filter>
    </ClCompile>
    <ClCompile Include="..\..\..\..\numerics\SuperLU_5.0\SRC\zmemory.c">
      <Filter>Zlusrc</Filter>
    </ClCompile>
    <ClCompile Include="..\..\..\..\numerics\SuperLU_5.0\SRC\zmyblas2.c">
      <Filter>Zlusrc</Filter>
    </ClCompile>
    <ClCompile Include="..\..\..\..\numerics\SuperLU_5.0\SRC\zpanel_bmod.c">
      <Filter>Zlusrc</Filter>
    </ClCompile>
    <ClCompile Include="..\..\..\..\numerics\SuperLU_5.0\SRC\zpanel_dfs.c">
      <Filter>Zlusrc</Filter>
    </ClCompile>
    <ClCompile Include="..\..\..\..\numerics\SuperLU_5.0\SRC\zpivotgrowth.c">
      <Filter>Zlusrc</Filter>
    </ClCompile>
    <ClCompile Include="..\..\..\..\numerics\SuperLU_5.0\SRC\zpivotL.c">
      <Filter>Zlusrc</Filter>
    </ClCompile>
    <ClCompile Include="..\..\..\..\numerics\SuperLU_5.0\SRC\zpruneL.c">
      <Filter>Zlusrc</Filter>
    </ClCompile>
    <ClCompile Include="..\..\..\..\numerics\SuperLU_5.0\SRC\zreadhb.c">
      <Filter>Zlusrc</Filter>
    </ClCompile>
    <ClCompile Include="..\..\..\..\numerics\SuperLU_5.0\SRC\zreadrb.c">
      <Filter>Zlusrc</Filter>
    </ClCompile>
    <ClCompile Include="..\..\..\..\numerics\SuperLU_5.0\SRC\zreadtriple.c">
      <Filter>Zlusrc</Filter>
    </ClCompile>
    <ClCompile Include="..\..\..\..\numerics\SuperLU_5.0\SRC\zsnode_bmod.c">
      <Filter>Zlusrc</Filter>
    </ClCompile>
    <ClCompile Include="..\..\..\..\numerics\SuperLU_5.0\SRC\zsnode_dfs.c">
      <Filter>Zlusrc</Filter>
    </ClCompile>
    <ClCompile Include="..\..\..\..\numerics\SuperLU_5.0\SRC\zsp_blas2.c">
      <Filter>Zlusrc</Filter>
    </ClCompile>
    <ClCompile Include="..\..\..\..\numerics\SuperLU_5.0\SRC\zsp_blas3.c">
      <Filter>Zlusrc</Filter>
    </ClCompile>
    <ClCompile Include="..\..\..\..\numerics\SuperLU_5.0\SRC\zutil.c">
      <Filter>Zlusrc</Filter>
    </ClCompile>
    <ClCompile Include="..\..\..\..\numerics\SuperLU_5.0\INSTALL\smach.c">
      <Filter>Sclaux</Filter>
    </ClCompile>
    <ClCompile Include="..\..\..\..\numerics\SuperLU_5.0\CBLAS\caxpy.c">
      <Filter>Cblas</Filter>
    </ClCompile>
    <ClCompile Include="..\..\..\..\numerics\SuperLU_5.0\CBLAS\ccopy.c">
      <Filter>Cblas</Filter>
    </ClCompile>
    <ClCompile Include="..\..\..\..\numerics\SuperLU_5.0\CBLAS\cdotc.c">
      <Filter>Cblas</Filter>
    </ClCompile>
    <ClCompile Include="..\..\..\..\numerics\SuperLU_5.0\CBLAS\cgemv.c">
      <Filter>Cblas</Filter>
    </ClCompile>
    <ClCompile Include="..\..\..\..\numerics\SuperLU_5.0\CBLAS\cgerc.c">
      <Filter>Cblas</Filter>
    </ClCompile>
    <ClCompile Include="..\..\..\..\numerics\SuperLU_5.0\CBLAS\chemv.c">
      <Filter>Cblas</Filter>
    </ClCompile>
    <ClCompile Include="..\..\..\..\numerics\SuperLU_5.0\CBLAS\cher2.c">
      <Filter>Cblas</Filter>
    </ClCompile>
    <ClCompile Include="..\..\..\..\numerics\SuperLU_5.0\CBLAS\cscal.c">
      <Filter>Cblas</Filter>
    </ClCompile>
    <ClCompile Include="..\..\..\..\numerics\SuperLU_5.0\CBLAS\cswap.c">
      <Filter>Cblas</Filter>
    </ClCompile>
    <ClCompile Include="..\..\..\..\numerics\SuperLU_5.0\CBLAS\ctrsv.c">
      <Filter>Cblas</Filter>
    </ClCompile>
    <ClCompile Include="..\..\..\..\numerics\SuperLU_5.0\CBLAS\dasum.c">
      <Filter>Cblas</Filter>
    </ClCompile>
    <ClCompile Include="..\..\..\..\numerics\SuperLU_5.0\CBLAS\daxpy.c">
      <Filter>Cblas</Filter>
    </ClCompile>
    <ClCompile Include="..\..\..\..\numerics\SuperLU_5.0\CBLAS\dcabs1.c">
      <Filter>Cblas</Filter>
    </ClCompile>
    <ClCompile Include="..\..\..\..\numerics\SuperLU_5.0\CBLAS\dcopy.c">
      <Filter>Cblas</Filter>
    </ClCompile>
    <ClCompile Include="..\..\..\..\numerics\SuperLU_5.0\CBLAS\ddot.c">
      <Filter>Cblas</Filter>
    </ClCompile>
    <ClCompile Include="..\..\..\..\numerics\SuperLU_5.0\CBLAS\dgemv.c">
      <Filter>Cblas</Filter>
    </ClCompile>
    <ClCompile Include="..\..\..\..\numerics\SuperLU_5.0\CBLAS\dger.c">
      <Filter>Cblas</Filter>
    </ClCompile>
    <ClCompile Include="..\..\..\..\numerics\SuperLU_5.0\CBLAS\dnrm2.c">
      <Filter>Cblas</Filter>
    </ClCompile>
    <ClCompile Include="..\..\..\..\numerics\SuperLU_5.0\CBLAS\drot.c">
      <Filter>Cblas</Filter>
    </ClCompile>
    <ClCompile Include="..\..\..\..\numerics\SuperLU_5.0\CBLAS\dscal.c">
      <Filter>Cblas</Filter>
    </ClCompile>
    <ClCompile Include="..\..\..\..\numerics\SuperLU_5.0\CBLAS\dswap.c">
      <Filter>Cblas</Filter>
    </ClCompile>
    <ClCompile Include="..\..\..\..\numerics\SuperLU_5.0\CBLAS\dsymv.c">
      <Filter>Cblas</Filter>
    </ClCompile>
    <ClCompile Include="..\..\..\..\numerics\SuperLU_5.0\CBLAS\dsyr2.c">
      <Filter>Cblas</Filter>
    </ClCompile>
    <ClCompile Include="..\..\..\..\numerics\SuperLU_5.0\CBLAS\dtrsv.c">
      <Filter>Cblas</Filter>
    </ClCompile>
    <ClCompile Include="..\..\..\..\numerics\SuperLU_5.0\CBLAS\dzasum.c">
      <Filter>Cblas</Filter>
    </ClCompile>
    <ClCompile Include="..\..\..\..\numerics\SuperLU_5.0\CBLAS\dznrm2.c">
      <Filter>Cblas</Filter>
    </ClCompile>
    <ClCompile Include="..\..\..\..\numerics\SuperLU_5.0\CBLAS\icamax.c">
      <Filter>Cblas</Filter>
    </ClCompile>
    <ClCompile Include="..\..\..\..\numerics\SuperLU_5.0\CBLAS\idamax.c">
      <Filter>Cblas</Filter>
    </ClCompile>
    <ClCompile Include="..\..\..\..\numerics\SuperLU_5.0\CBLAS\isamax.c">
      <Filter>Cblas</Filter>
    </ClCompile>
    <ClCompile Include="..\..\..\..\numerics\SuperLU_5.0\CBLAS\izamax.c">
      <Filter>Cblas</Filter>
    </ClCompile>
    <ClCompile Include="..\..\..\..\numerics\SuperLU_5.0\CBLAS\sasum.c">
      <Filter>Cblas</Filter>
    </ClCompile>
    <ClCompile Include="..\..\..\..\numerics\SuperLU_5.0\CBLAS\saxpy.c">
      <Filter>Cblas</Filter>
    </ClCompile>
    <ClCompile Include="..\..\..\..\numerics\SuperLU_5.0\CBLAS\scasum.c">
      <Filter>Cblas</Filter>
    </ClCompile>
    <ClCompile Include="..\..\..\..\numerics\SuperLU_5.0\CBLAS\scnrm2.c">
      <Filter>Cblas</Filter>
    </ClCompile>
    <ClCompile Include="..\..\..\..\numerics\SuperLU_5.0\CBLAS\scopy.c">
      <Filter>Cblas</Filter>
    </ClCompile>
    <ClCompile Include="..\..\..\..\numerics\SuperLU_5.0\CBLAS\sdot.c">
      <Filter>Cblas</Filter>
    </ClCompile>
    <ClCompile Include="..\..\..\..\numerics\SuperLU_5.0\CBLAS\sgemv.c">
      <Filter>Cblas</Filter>
    </ClCompile>
    <ClCompile Include="..\..\..\..\numerics\SuperLU_5.0\CBLAS\sger.c">
      <Filter>Cblas</Filter>
    </ClCompile>
    <ClCompile Include="..\..\..\..\numerics\SuperLU_5.0\CBLAS\snrm2.c">
      <Filter>Cblas</Filter>
    </ClCompile>
    <ClCompile Include="..\..\..\..\numerics\SuperLU_5.0\CBLAS\srot.c">
      <Filter>Cblas</Filter>
    </ClCompile>
    <ClCompile Include="..\..\..\..\numerics\SuperLU_5.0\CBLAS\sscal.c">
      <Filter>Cblas</Filter>
    </ClCompile>
    <ClCompile Include="..\..\..\..\numerics\SuperLU_5.0\CBLAS\sswap.c">
      <Filter>Cblas</Filter>
    </ClCompile>
    <ClCompile Include="..\..\..\..\numerics\SuperLU_5.0\CBLAS\ssymv.c">
      <Filter>Cblas</Filter>
    </ClCompile>
    <ClCompile Include="..\..\..\..\numerics\SuperLU_5.0\CBLAS\ssyr2.c">
      <Filter>Cblas</Filter>
    </ClCompile>
    <ClCompile Include="..\..\..\..\numerics\SuperLU_5.0\CBLAS\strsv.c">
      <Filter>Cblas</Filter>
    </ClCompile>
    <ClCompile Include="..\..\..\..\numerics\SuperLU_5.0\CBLAS\zaxpy.c">
      <Filter>Cblas</Filter>
    </ClCompile>
    <ClCompile Include="..\..\..\..\numerics\SuperLU_5.0\CBLAS\zcopy.c">
      <Filter>Cblas</Filter>
    </ClCompile>
    <ClCompile Include="..\..\..\..\numerics\SuperLU_5.0\CBLAS\zdotc.c">
      <Filter>Cblas</Filter>
    </ClCompile>
    <ClCompile Include="..\..\..\..\numerics\SuperLU_5.0\CBLAS\zgemv.c">
      <Filter>Cblas</Filter>
    </ClCompile>
    <ClCompile Include="..\..\..\..\numerics\SuperLU_5.0\CBLAS\zgerc.c">
      <Filter>Cblas</Filter>
    </ClCompile>
    <ClCompile Include="..\..\..\..\numerics\SuperLU_5.0\CBLAS\zhemv.c">
      <Filter>Cblas</Filter>
    </ClCompile>
    <ClCompile Include="..\..\..\..\numerics\SuperLU_5.0\CBLAS\zher2.c">
      <Filter>Cblas</Filter>
    </ClCompile>
    <ClCompile Include="..\..\..\..\numerics\SuperLU_5.0\CBLAS\zscal.c">
      <Filter>Cblas</Filter>
    </ClCompile>
    <ClCompile Include="..\..\..\..\numerics\SuperLU_5.0\CBLAS\zswap.c">
      <Filter>Cblas</Filter>
    </ClCompile>
    <ClCompile Include="..\..\..\..\numerics\SuperLU_5.0\CBLAS\ztrsv.c">
      <Filter>Cblas</Filter>
    </ClCompile>
  </ItemGroup>
  <ItemGroup>
    <ClInclude Include="..\..\..\..\numerics\SuperLU_5.0\SRC\colamd.h">
      <Filter>Header files</Filter>
    </ClInclude>
    <ClInclude Include="..\..\..\..\numerics\SuperLU_5.0\SRC\html_mainpage.h">
      <Filter>Header files</Filter>
    </ClInclude>
    <ClInclude Include="..\..\..\..\numerics\SuperLU_5.0\SRC\slu_cdefs.h">
      <Filter>Header files</Filter>
    </ClInclude>
    <ClInclude Include="..\..\..\..\numerics\SuperLU_5.0\SRC\slu_Cnames.h">
      <Filter>Header files</Filter>
    </ClInclude>
    <ClInclude Include="..\..\..\..\numerics\SuperLU_5.0\SRC\slu_dcomplex.h">
      <Filter>Header files</Filter>
    </ClInclude>
    <ClInclude Include="..\..\..\..\numerics\SuperLU_5.0\SRC\slu_ddefs.h">
      <Filter>Header files</Filter>
    </ClInclude>
    <ClInclude Include="..\..\..\..\numerics\SuperLU_5.0\SRC\slu_scomplex.h">
      <Filter>Header files</Filter>
    </ClInclude>
    <ClInclude Include="..\..\..\..\numerics\SuperLU_5.0\SRC\slu_sdefs.h">
      <Filter>Header files</Filter>
    </ClInclude>
    <ClInclude Include="..\..\..\..\numerics\SuperLU_5.0\SRC\slu_util.h">
      <Filter>Header files</Filter>
    </ClInclude>
    <ClInclude Include="..\..\..\..\numerics\SuperLU_5.0\SRC\slu_zdefs.h">
      <Filter>Header files</Filter>
    </ClInclude>
    <ClInclude Include="..\..\..\..\numerics\SuperLU_5.0\SRC\supermatrix.h">
      <Filter>Header files</Filter>
    </ClInclude>
  </ItemGroup>
</Project>